// !$*UTF8*$!
{
	archiveVersion = 1;
	classes = {
	};
	objectVersion = 55;
	objects = {

/* Begin PBXBuildFile section */
		240213012899972700456303 /* Extensions.swift in Sources */ = {isa = PBXBuildFile; fileRef = 240213002899972700456303 /* Extensions.swift */; };
		241304622886A92500D126BE /* CreateMessageView.swift in Sources */ = {isa = PBXBuildFile; fileRef = 241304612886A92500D126BE /* CreateMessageView.swift */; };
		24163C07289A4A0E00EA1D21 /* DirectionsMapView.swift in Sources */ = {isa = PBXBuildFile; fileRef = 24163C06289A4A0E00EA1D21 /* DirectionsMapView.swift */; };
		24163C09289A4BD800EA1D21 /* ShowMapView.swift in Sources */ = {isa = PBXBuildFile; fileRef = 24163C08289A4BD800EA1D21 /* ShowMapView.swift */; };
		2431C555287EF08800D5AE3F /* ImagePicker.swift in Sources */ = {isa = PBXBuildFile; fileRef = 2431C554287EF08800D5AE3F /* ImagePicker.swift */; };
		2434DC832887DEB60073E114 /* ChatLogView.swift in Sources */ = {isa = PBXBuildFile; fileRef = 2434DC822887DEB60073E114 /* ChatLogView.swift */; };
		244CAD93288184A7009B10E0 /* MainMessagesView.swift in Sources */ = {isa = PBXBuildFile; fileRef = 244CAD92288184A7009B10E0 /* MainMessagesView.swift */; };
		244CAD962881A19C009B10E0 /* FirebaseManager.swift in Sources */ = {isa = PBXBuildFile; fileRef = 244CAD952881A19C009B10E0 /* FirebaseManager.swift */; };
		2455CA2D289FFE240029EDEF /* FirebasePointsDictionary.swift in Sources */ = {isa = PBXBuildFile; fileRef = 2455CA2C289FFE240029EDEF /* FirebasePointsDictionary.swift */; };
		245C258228AAAA010064D921 /* UserTripsView.swift in Sources */ = {isa = PBXBuildFile; fileRef = 245C258128AAAA010064D921 /* UserTripsView.swift */; };
		245C258628AABAF60064D921 /* ProfileView.swift in Sources */ = {isa = PBXBuildFile; fileRef = 245C258528AABAF60064D921 /* ProfileView.swift */; };
		245C258828AAD0E10064D921 /* TripDetailsView.swift in Sources */ = {isa = PBXBuildFile; fileRef = 245C258728AAD0E10064D921 /* TripDetailsView.swift */; };
		2464BA352892AE7E00F52F5C /* AddTripView.swift in Sources */ = {isa = PBXBuildFile; fileRef = 2464BA342892AE7E00F52F5C /* AddTripView.swift */; };
		24862823288B22800024A7C3 /* RecentMessage.swift in Sources */ = {isa = PBXBuildFile; fileRef = 24862822288B22800024A7C3 /* RecentMessage.swift */; };
		24862825288B22DA0024A7C3 /* ChatMessage.swift in Sources */ = {isa = PBXBuildFile; fileRef = 24862824288B22DA0024A7C3 /* ChatMessage.swift */; };
		24862827288B3AA60024A7C3 /* FirebaseConstants.swift in Sources */ = {isa = PBXBuildFile; fileRef = 24862826288B3AA60024A7C3 /* FirebaseConstants.swift */; };
		24874B2928AE1248009A6F3E /* YourTripsID.swift in Sources */ = {isa = PBXBuildFile; fileRef = 24874B2828AE1248009A6F3E /* YourTripsID.swift */; };
		2488DA442881F30900719F44 /* FirebaseUser.swift in Sources */ = {isa = PBXBuildFile; fileRef = 2488DA432881F30900719F44 /* FirebaseUser.swift */; };
		248F301728ABE56D000C77C8 /* FirebasePointsWithFirebaseUser.swift in Sources */ = {isa = PBXBuildFile; fileRef = 248F301628ABE56D000C77C8 /* FirebasePointsWithFirebaseUser.swift */; };
		248F301928ABFBD4000C77C8 /* EmptyView.swift in Sources */ = {isa = PBXBuildFile; fileRef = 248F301828ABFBD4000C77C8 /* EmptyView.swift */; };
		2490BA53287EA72900864A7F /* RotaApp.swift in Sources */ = {isa = PBXBuildFile; fileRef = 2490BA52287EA72900864A7F /* RotaApp.swift */; };
		2490BA57287EA72A00864A7F /* Assets.xcassets in Resources */ = {isa = PBXBuildFile; fileRef = 2490BA56287EA72A00864A7F /* Assets.xcassets */; };
		2490BA5A287EA72A00864A7F /* Preview Assets.xcassets in Resources */ = {isa = PBXBuildFile; fileRef = 2490BA59287EA72A00864A7F /* Preview Assets.xcassets */; };
		2490BA61287EA73C00864A7F /* AuthView.swift in Sources */ = {isa = PBXBuildFile; fileRef = 2490BA60287EA73C00864A7F /* AuthView.swift */; };
		2490BA63287EAFD500864A7F /* ColorExt.swift in Sources */ = {isa = PBXBuildFile; fileRef = 2490BA62287EAFD500864A7F /* ColorExt.swift */; };
		2497FDD4289B946200B3087A /* FirebaseTrip.swift in Sources */ = {isa = PBXBuildFile; fileRef = 2497FDD3289B946200B3087A /* FirebaseTrip.swift */; };
		2498EC01288ECCC200D4F24F /* AppTabView.swift in Sources */ = {isa = PBXBuildFile; fileRef = 2498EC00288ECCC200D4F24F /* AppTabView.swift */; };
		2498EC03288ED2B800D4F24F /* SearchTripView.swift in Sources */ = {isa = PBXBuildFile; fileRef = 2498EC02288ED2B800D4F24F /* SearchTripView.swift */; };
		24B2413528918F730046D1A5 /* SearchLocationView.swift in Sources */ = {isa = PBXBuildFile; fileRef = 24B2413428918F730046D1A5 /* SearchLocationView.swift */; };
		24B2413728918F990046D1A5 /* LocationManager.swift in Sources */ = {isa = PBXBuildFile; fileRef = 24B2413628918F990046D1A5 /* LocationManager.swift */; };
		24E4A6BF287EDC1600EA81F7 /* GoogleService-Info.plist in Resources */ = {isa = PBXBuildFile; fileRef = 24E4A6BE287EDC1600EA81F7 /* GoogleService-Info.plist */; };
		24F195992893B829008D1C85 /* CreateRouteView.swift in Sources */ = {isa = PBXBuildFile; fileRef = 24F195982893B829008D1C85 /* CreateRouteView.swift */; };
		CB334382C015CF294550C34B /* Pods_Rota.framework in Frameworks */ = {isa = PBXBuildFile; fileRef = 8B57C46AB6ED0EA18938DAEB /* Pods_Rota.framework */; };
/* End PBXBuildFile section */

/* Begin PBXFileReference section */
		20AD57D956AE5236C859EC2E /* Pods-Rota.debug.xcconfig */ = {isa = PBXFileReference; includeInIndex = 1; lastKnownFileType = text.xcconfig; name = "Pods-Rota.debug.xcconfig"; path = "Target Support Files/Pods-Rota/Pods-Rota.debug.xcconfig"; sourceTree = "<group>"; };
		240213002899972700456303 /* Extensions.swift */ = {isa = PBXFileReference; lastKnownFileType = sourcecode.swift; path = Extensions.swift; sourceTree = "<group>"; };
		241304612886A92500D126BE /* CreateMessageView.swift */ = {isa = PBXFileReference; lastKnownFileType = sourcecode.swift; path = CreateMessageView.swift; sourceTree = "<group>"; };
		24163C06289A4A0E00EA1D21 /* DirectionsMapView.swift */ = {isa = PBXFileReference; lastKnownFileType = sourcecode.swift; path = DirectionsMapView.swift; sourceTree = "<group>"; };
		24163C08289A4BD800EA1D21 /* ShowMapView.swift */ = {isa = PBXFileReference; lastKnownFileType = sourcecode.swift; path = ShowMapView.swift; sourceTree = "<group>"; };
		2431C554287EF08800D5AE3F /* ImagePicker.swift */ = {isa = PBXFileReference; lastKnownFileType = sourcecode.swift; path = ImagePicker.swift; sourceTree = "<group>"; };
		2434DC822887DEB60073E114 /* ChatLogView.swift */ = {isa = PBXFileReference; lastKnownFileType = sourcecode.swift; path = ChatLogView.swift; sourceTree = "<group>"; };
		244CAD92288184A7009B10E0 /* MainMessagesView.swift */ = {isa = PBXFileReference; lastKnownFileType = sourcecode.swift; path = MainMessagesView.swift; sourceTree = "<group>"; };
		244CAD952881A19C009B10E0 /* FirebaseManager.swift */ = {isa = PBXFileReference; lastKnownFileType = sourcecode.swift; path = FirebaseManager.swift; sourceTree = "<group>"; };
		2455CA2C289FFE240029EDEF /* FirebasePointsDictionary.swift */ = {isa = PBXFileReference; lastKnownFileType = sourcecode.swift; path = FirebasePointsDictionary.swift; sourceTree = "<group>"; };
		245C258128AAAA010064D921 /* UserTripsView.swift */ = {isa = PBXFileReference; lastKnownFileType = sourcecode.swift; path = UserTripsView.swift; sourceTree = "<group>"; };
		245C258528AABAF60064D921 /* ProfileView.swift */ = {isa = PBXFileReference; lastKnownFileType = sourcecode.swift; path = ProfileView.swift; sourceTree = "<group>"; };
		245C258728AAD0E10064D921 /* TripDetailsView.swift */ = {isa = PBXFileReference; lastKnownFileType = sourcecode.swift; path = TripDetailsView.swift; sourceTree = "<group>"; };
		2464BA342892AE7E00F52F5C /* AddTripView.swift */ = {isa = PBXFileReference; lastKnownFileType = sourcecode.swift; path = AddTripView.swift; sourceTree = "<group>"; };
		24862822288B22800024A7C3 /* RecentMessage.swift */ = {isa = PBXFileReference; lastKnownFileType = sourcecode.swift; path = RecentMessage.swift; sourceTree = "<group>"; };
		24862824288B22DA0024A7C3 /* ChatMessage.swift */ = {isa = PBXFileReference; lastKnownFileType = sourcecode.swift; path = ChatMessage.swift; sourceTree = "<group>"; };
		24862826288B3AA60024A7C3 /* FirebaseConstants.swift */ = {isa = PBXFileReference; lastKnownFileType = sourcecode.swift; path = FirebaseConstants.swift; sourceTree = "<group>"; };
		24874B2828AE1248009A6F3E /* YourTripsID.swift */ = {isa = PBXFileReference; lastKnownFileType = sourcecode.swift; path = YourTripsID.swift; sourceTree = "<group>"; };
		2488DA432881F30900719F44 /* FirebaseUser.swift */ = {isa = PBXFileReference; lastKnownFileType = sourcecode.swift; path = FirebaseUser.swift; sourceTree = "<group>"; };
		248F301628ABE56D000C77C8 /* FirebasePointsWithFirebaseUser.swift */ = {isa = PBXFileReference; lastKnownFileType = sourcecode.swift; path = FirebasePointsWithFirebaseUser.swift; sourceTree = "<group>"; };
		248F301828ABFBD4000C77C8 /* EmptyView.swift */ = {isa = PBXFileReference; lastKnownFileType = sourcecode.swift; path = EmptyView.swift; sourceTree = "<group>"; };
		2490BA4F287EA72900864A7F /* Rota.app */ = {isa = PBXFileReference; explicitFileType = wrapper.application; includeInIndex = 0; path = Rota.app; sourceTree = BUILT_PRODUCTS_DIR; };
		2490BA52287EA72900864A7F /* RotaApp.swift */ = {isa = PBXFileReference; lastKnownFileType = sourcecode.swift; path = RotaApp.swift; sourceTree = "<group>"; };
		2490BA56287EA72A00864A7F /* Assets.xcassets */ = {isa = PBXFileReference; lastKnownFileType = folder.assetcatalog; path = Assets.xcassets; sourceTree = "<group>"; };
		2490BA59287EA72A00864A7F /* Preview Assets.xcassets */ = {isa = PBXFileReference; lastKnownFileType = folder.assetcatalog; path = "Preview Assets.xcassets"; sourceTree = "<group>"; };
		2490BA60287EA73C00864A7F /* AuthView.swift */ = {isa = PBXFileReference; lastKnownFileType = sourcecode.swift; path = AuthView.swift; sourceTree = "<group>"; };
		2490BA62287EAFD500864A7F /* ColorExt.swift */ = {isa = PBXFileReference; lastKnownFileType = sourcecode.swift; path = ColorExt.swift; sourceTree = "<group>"; };
		2497FDD3289B946200B3087A /* FirebaseTrip.swift */ = {isa = PBXFileReference; lastKnownFileType = sourcecode.swift; path = FirebaseTrip.swift; sourceTree = "<group>"; };
		2498EC00288ECCC200D4F24F /* AppTabView.swift */ = {isa = PBXFileReference; lastKnownFileType = sourcecode.swift; path = AppTabView.swift; sourceTree = "<group>"; };
		2498EC02288ED2B800D4F24F /* SearchTripView.swift */ = {isa = PBXFileReference; lastKnownFileType = sourcecode.swift; path = SearchTripView.swift; sourceTree = "<group>"; };
		24B2413428918F730046D1A5 /* SearchLocationView.swift */ = {isa = PBXFileReference; lastKnownFileType = sourcecode.swift; path = SearchLocationView.swift; sourceTree = "<group>"; };
		24B2413628918F990046D1A5 /* LocationManager.swift */ = {isa = PBXFileReference; lastKnownFileType = sourcecode.swift; path = LocationManager.swift; sourceTree = "<group>"; };
		24E4A6BE287EDC1600EA81F7 /* GoogleService-Info.plist */ = {isa = PBXFileReference; fileEncoding = 4; lastKnownFileType = text.plist.xml; path = "GoogleService-Info.plist"; sourceTree = "<group>"; };
		24F195982893B829008D1C85 /* CreateRouteView.swift */ = {isa = PBXFileReference; lastKnownFileType = sourcecode.swift; path = CreateRouteView.swift; sourceTree = "<group>"; };
		8B57C46AB6ED0EA18938DAEB /* Pods_Rota.framework */ = {isa = PBXFileReference; explicitFileType = wrapper.framework; includeInIndex = 0; path = Pods_Rota.framework; sourceTree = BUILT_PRODUCTS_DIR; };
		A9F6C3169EFC0AB37F1B3FAE /* Pods-Rota.release.xcconfig */ = {isa = PBXFileReference; includeInIndex = 1; lastKnownFileType = text.xcconfig; name = "Pods-Rota.release.xcconfig"; path = "Target Support Files/Pods-Rota/Pods-Rota.release.xcconfig"; sourceTree = "<group>"; };
/* End PBXFileReference section */

/* Begin PBXFrameworksBuildPhase section */
		2490BA4C287EA72900864A7F /* Frameworks */ = {
			isa = PBXFrameworksBuildPhase;
			buildActionMask = 2147483647;
			files = (
				CB334382C015CF294550C34B /* Pods_Rota.framework in Frameworks */,
			);
			runOnlyForDeploymentPostprocessing = 0;
		};
/* End PBXFrameworksBuildPhase section */

/* Begin PBXGroup section */
		240212FF2899970000456303 /* Helpers */ = {
			isa = PBXGroup;
			children = (
				240213002899972700456303 /* Extensions.swift */,
			);
			path = Helpers;
			sourceTree = "<group>";
		};
		241304602886A8DB00D126BE /* NewMessage */ = {
			isa = PBXGroup;
			children = (
				241304612886A92500D126BE /* CreateMessageView.swift */,
			);
			path = NewMessage;
			sourceTree = "<group>";
		};
		2434DC812887DEA50073E114 /* Chat */ = {
			isa = PBXGroup;
			children = (
				2434DC822887DEB60073E114 /* ChatLogView.swift */,
			);
			path = Chat;
			sourceTree = "<group>";
		};
		244CAD9128818470009B10E0 /* MainMessages */ = {
			isa = PBXGroup;
			children = (
				2434DC812887DEA50073E114 /* Chat */,
				241304602886A8DB00D126BE /* NewMessage */,
				244CAD92288184A7009B10E0 /* MainMessagesView.swift */,
			);
			path = MainMessages;
			sourceTree = "<group>";
		};
		244CAD942881A179009B10E0 /* Utils */ = {
			isa = PBXGroup;
			children = (
				244CAD952881A19C009B10E0 /* FirebaseManager.swift */,
				24862826288B3AA60024A7C3 /* FirebaseConstants.swift */,
			);
			path = Utils;
			sourceTree = "<group>";
		};
		245C258328AABAAB0064D921 /* UserTrips */ = {
			isa = PBXGroup;
			children = (
				245C258128AAAA010064D921 /* UserTripsView.swift */,
			);
			path = UserTrips;
			sourceTree = "<group>";
		};
		245C258428AABAC70064D921 /* Profile */ = {
			isa = PBXGroup;
			children = (
				245C258528AABAF60064D921 /* ProfileView.swift */,
			);
			path = Profile;
			sourceTree = "<group>";
		};
		2464BA332892AD7900F52F5C /* AddTrip */ = {
			isa = PBXGroup;
			children = (
				2464BA342892AE7E00F52F5C /* AddTripView.swift */,
			);
			path = AddTrip;
			sourceTree = "<group>";
		};
		2488DA422881F2B400719F44 /* Model */ = {
			isa = PBXGroup;
			children = (
				2488DA432881F30900719F44 /* FirebaseUser.swift */,
				24862824288B22DA0024A7C3 /* ChatMessage.swift */,
				24862822288B22800024A7C3 /* RecentMessage.swift */,
				2497FDD3289B946200B3087A /* FirebaseTrip.swift */,
				2455CA2C289FFE240029EDEF /* FirebasePointsDictionary.swift */,
				248F301628ABE56D000C77C8 /* FirebasePointsWithFirebaseUser.swift */,
				24874B2828AE1248009A6F3E /* YourTripsID.swift */,
			);
			path = Model;
			sourceTree = "<group>";
		};
		2490BA46287EA72900864A7F = {
			isa = PBXGroup;
			children = (
				2490BA51287EA72900864A7F /* Rota */,
				2490BA50287EA72900864A7F /* Products */,
				341C56FE7413400BD6BF205D /* Pods */,
				9CCCBFCFEB5934D151DF12A9 /* Frameworks */,
			);
			sourceTree = "<group>";
		};
		2490BA50287EA72900864A7F /* Products */ = {
			isa = PBXGroup;
			children = (
				2490BA4F287EA72900864A7F /* Rota.app */,
			);
			name = Products;
			sourceTree = "<group>";
		};
		2490BA51287EA72900864A7F /* Rota */ = {
			isa = PBXGroup;
			children = (
				240212FF2899970000456303 /* Helpers */,
				2488DA422881F2B400719F44 /* Model */,
				244CAD942881A179009B10E0 /* Utils */,
				244CAD9128818470009B10E0 /* MainMessages */,
				24F195972893B7C7008D1C85 /* MapViews */,
				2464BA332892AD7900F52F5C /* AddTrip */,
				24B2413228918ED00046D1A5 /* SearchTrip */,
				245C258328AABAAB0064D921 /* UserTrips */,
				245C258428AABAC70064D921 /* Profile */,
				2490BA60287EA73C00864A7F /* AuthView.swift */,
				248F301828ABFBD4000C77C8 /* EmptyView.swift */,
				2498EC00288ECCC200D4F24F /* AppTabView.swift */,
				2490BA52287EA72900864A7F /* RotaApp.swift */,
				24E4A6BE287EDC1600EA81F7 /* GoogleService-Info.plist */,
				2490BA56287EA72A00864A7F /* Assets.xcassets */,
				2490BA58287EA72A00864A7F /* Preview Content */,
				2490BA62287EAFD500864A7F /* ColorExt.swift */,
				2431C554287EF08800D5AE3F /* ImagePicker.swift */,
			);
			path = Rota;
			sourceTree = "<group>";
		};
		2490BA58287EA72A00864A7F /* Preview Content */ = {
			isa = PBXGroup;
			children = (
				2490BA59287EA72A00864A7F /* Preview Assets.xcassets */,
			);
			path = "Preview Content";
			sourceTree = "<group>";
		};
		24B2413228918ED00046D1A5 /* SearchTrip */ = {
			isa = PBXGroup;
			children = (
				2498EC02288ED2B800D4F24F /* SearchTripView.swift */,
				245C258728AAD0E10064D921 /* TripDetailsView.swift */,
			);
			path = SearchTrip;
			sourceTree = "<group>";
		};
		24F195972893B7C7008D1C85 /* MapViews */ = {
			isa = PBXGroup;
			children = (
				24B2413428918F730046D1A5 /* SearchLocationView.swift */,
				24B2413628918F990046D1A5 /* LocationManager.swift */,
				24F195982893B829008D1C85 /* CreateRouteView.swift */,
				24163C06289A4A0E00EA1D21 /* DirectionsMapView.swift */,
				24163C08289A4BD800EA1D21 /* ShowMapView.swift */,
			);
			path = MapViews;
			sourceTree = "<group>";
		};
		341C56FE7413400BD6BF205D /* Pods */ = {
			isa = PBXGroup;
			children = (
				20AD57D956AE5236C859EC2E /* Pods-Rota.debug.xcconfig */,
				A9F6C3169EFC0AB37F1B3FAE /* Pods-Rota.release.xcconfig */,
			);
			path = Pods;
			sourceTree = "<group>";
		};
		9CCCBFCFEB5934D151DF12A9 /* Frameworks */ = {
			isa = PBXGroup;
			children = (
				8B57C46AB6ED0EA18938DAEB /* Pods_Rota.framework */,
			);
			name = Frameworks;
			sourceTree = "<group>";
		};
/* End PBXGroup section */

/* Begin PBXNativeTarget section */
		2490BA4E287EA72900864A7F /* Rota */ = {
			isa = PBXNativeTarget;
			buildConfigurationList = 2490BA5D287EA72A00864A7F /* Build configuration list for PBXNativeTarget "Rota" */;
			buildPhases = (
				6D48C9F3B78B0429746E4B7C /* [CP] Check Pods Manifest.lock */,
				2490BA4B287EA72900864A7F /* Sources */,
				2490BA4C287EA72900864A7F /* Frameworks */,
				2490BA4D287EA72900864A7F /* Resources */,
				12D07AC632E25848EEF8DB7B /* [CP] Embed Pods Frameworks */,
			);
			buildRules = (
			);
			dependencies = (
			);
			name = Rota;
			productName = Rota;
			productReference = 2490BA4F287EA72900864A7F /* Rota.app */;
			productType = "com.apple.product-type.application";
		};
/* End PBXNativeTarget section */

/* Begin PBXProject section */
		2490BA47287EA72900864A7F /* Project object */ = {
			isa = PBXProject;
			attributes = {
				BuildIndependentTargetsInParallel = 1;
				LastSwiftUpdateCheck = 1330;
				LastUpgradeCheck = 1330;
				TargetAttributes = {
					2490BA4E287EA72900864A7F = {
						CreatedOnToolsVersion = 13.3.1;
					};
				};
			};
			buildConfigurationList = 2490BA4A287EA72900864A7F /* Build configuration list for PBXProject "Rota" */;
			compatibilityVersion = "Xcode 13.0";
			developmentRegion = en;
			hasScannedForEncodings = 0;
			knownRegions = (
				en,
				Base,
			);
			mainGroup = 2490BA46287EA72900864A7F;
			productRefGroup = 2490BA50287EA72900864A7F /* Products */;
			projectDirPath = "";
			projectRoot = "";
			targets = (
				2490BA4E287EA72900864A7F /* Rota */,
			);
		};
/* End PBXProject section */

/* Begin PBXResourcesBuildPhase section */
		2490BA4D287EA72900864A7F /* Resources */ = {
			isa = PBXResourcesBuildPhase;
			buildActionMask = 2147483647;
			files = (
				2490BA5A287EA72A00864A7F /* Preview Assets.xcassets in Resources */,
				24E4A6BF287EDC1600EA81F7 /* GoogleService-Info.plist in Resources */,
				2490BA57287EA72A00864A7F /* Assets.xcassets in Resources */,
			);
			runOnlyForDeploymentPostprocessing = 0;
		};
/* End PBXResourcesBuildPhase section */

/* Begin PBXShellScriptBuildPhase section */
		12D07AC632E25848EEF8DB7B /* [CP] Embed Pods Frameworks */ = {
			isa = PBXShellScriptBuildPhase;
			buildActionMask = 2147483647;
			files = (
			);
			inputFileListPaths = (
				"${PODS_ROOT}/Target Support Files/Pods-Rota/Pods-Rota-frameworks-${CONFIGURATION}-input-files.xcfilelist",
			);
			name = "[CP] Embed Pods Frameworks";
			outputFileListPaths = (
				"${PODS_ROOT}/Target Support Files/Pods-Rota/Pods-Rota-frameworks-${CONFIGURATION}-output-files.xcfilelist",
			);
			runOnlyForDeploymentPostprocessing = 0;
			shellPath = /bin/sh;
			shellScript = "\"${PODS_ROOT}/Target Support Files/Pods-Rota/Pods-Rota-frameworks.sh\"\n";
			showEnvVarsInLog = 0;
		};
		6D48C9F3B78B0429746E4B7C /* [CP] Check Pods Manifest.lock */ = {
			isa = PBXShellScriptBuildPhase;
			buildActionMask = 2147483647;
			files = (
			);
			inputFileListPaths = (
			);
			inputPaths = (
				"${PODS_PODFILE_DIR_PATH}/Podfile.lock",
				"${PODS_ROOT}/Manifest.lock",
			);
			name = "[CP] Check Pods Manifest.lock";
			outputFileListPaths = (
			);
			outputPaths = (
				"$(DERIVED_FILE_DIR)/Pods-Rota-checkManifestLockResult.txt",
			);
			runOnlyForDeploymentPostprocessing = 0;
			shellPath = /bin/sh;
			shellScript = "diff \"${PODS_PODFILE_DIR_PATH}/Podfile.lock\" \"${PODS_ROOT}/Manifest.lock\" > /dev/null\nif [ $? != 0 ] ; then\n    # print error to STDERR\n    echo \"error: The sandbox is not in sync with the Podfile.lock. Run 'pod install' or update your CocoaPods installation.\" >&2\n    exit 1\nfi\n# This output is used by Xcode 'outputs' to avoid re-running this script phase.\necho \"SUCCESS\" > \"${SCRIPT_OUTPUT_FILE_0}\"\n";
			showEnvVarsInLog = 0;
		};
/* End PBXShellScriptBuildPhase section */

/* Begin PBXSourcesBuildPhase section */
		2490BA4B287EA72900864A7F /* Sources */ = {
			isa = PBXSourcesBuildPhase;
			buildActionMask = 2147483647;
			files = (
				24F195992893B829008D1C85 /* CreateRouteView.swift in Sources */,
				244CAD962881A19C009B10E0 /* FirebaseManager.swift in Sources */,
				24B2413528918F730046D1A5 /* SearchLocationView.swift in Sources */,
				2490BA61287EA73C00864A7F /* AuthView.swift in Sources */,
				24862823288B22800024A7C3 /* RecentMessage.swift in Sources */,
				24B2413728918F990046D1A5 /* LocationManager.swift in Sources */,
				245C258828AAD0E10064D921 /* TripDetailsView.swift in Sources */,
				2464BA352892AE7E00F52F5C /* AddTripView.swift in Sources */,
				245C258628AABAF60064D921 /* ProfileView.swift in Sources */,
				240213012899972700456303 /* Extensions.swift in Sources */,
				2498EC03288ED2B800D4F24F /* SearchTripView.swift in Sources */,
				2434DC832887DEB60073E114 /* ChatLogView.swift in Sources */,
				24874B2928AE1248009A6F3E /* YourTripsID.swift in Sources */,
				248F301928ABFBD4000C77C8 /* EmptyView.swift in Sources */,
				2431C555287EF08800D5AE3F /* ImagePicker.swift in Sources */,
				24163C09289A4BD800EA1D21 /* ShowMapView.swift in Sources */,
				24862825288B22DA0024A7C3 /* ChatMessage.swift in Sources */,
				2497FDD4289B946200B3087A /* FirebaseTrip.swift in Sources */,
				2488DA442881F30900719F44 /* FirebaseUser.swift in Sources */,
				2490BA63287EAFD500864A7F /* ColorExt.swift in Sources */,
				24862827288B3AA60024A7C3 /* FirebaseConstants.swift in Sources */,
				24163C07289A4A0E00EA1D21 /* DirectionsMapView.swift in Sources */,
				245C258228AAAA010064D921 /* UserTripsView.swift in Sources */,
				2490BA53287EA72900864A7F /* RotaApp.swift in Sources */,
				248F301728ABE56D000C77C8 /* FirebasePointsWithFirebaseUser.swift in Sources */,
				241304622886A92500D126BE /* CreateMessageView.swift in Sources */,
				2455CA2D289FFE240029EDEF /* FirebasePointsDictionary.swift in Sources */,
				2498EC01288ECCC200D4F24F /* AppTabView.swift in Sources */,
				244CAD93288184A7009B10E0 /* MainMessagesView.swift in Sources */,
			);
			runOnlyForDeploymentPostprocessing = 0;
		};
/* End PBXSourcesBuildPhase section */

/* Begin XCBuildConfiguration section */
		2490BA5B287EA72A00864A7F /* Debug */ = {
			isa = XCBuildConfiguration;
			buildSettings = {
				ALWAYS_SEARCH_USER_PATHS = NO;
				CLANG_ANALYZER_NONNULL = YES;
				CLANG_ANALYZER_NUMBER_OBJECT_CONVERSION = YES_AGGRESSIVE;
				CLANG_CXX_LANGUAGE_STANDARD = "gnu++17";
				CLANG_ENABLE_MODULES = YES;
				CLANG_ENABLE_OBJC_ARC = YES;
				CLANG_ENABLE_OBJC_WEAK = YES;
				CLANG_WARN_BLOCK_CAPTURE_AUTORELEASING = YES;
				CLANG_WARN_BOOL_CONVERSION = YES;
				CLANG_WARN_COMMA = YES;
				CLANG_WARN_CONSTANT_CONVERSION = YES;
				CLANG_WARN_DEPRECATED_OBJC_IMPLEMENTATIONS = YES;
				CLANG_WARN_DIRECT_OBJC_ISA_USAGE = YES_ERROR;
				CLANG_WARN_DOCUMENTATION_COMMENTS = YES;
				CLANG_WARN_EMPTY_BODY = YES;
				CLANG_WARN_ENUM_CONVERSION = YES;
				CLANG_WARN_INFINITE_RECURSION = YES;
				CLANG_WARN_INT_CONVERSION = YES;
				CLANG_WARN_NON_LITERAL_NULL_CONVERSION = YES;
				CLANG_WARN_OBJC_IMPLICIT_RETAIN_SELF = YES;
				CLANG_WARN_OBJC_LITERAL_CONVERSION = YES;
				CLANG_WARN_OBJC_ROOT_CLASS = YES_ERROR;
				CLANG_WARN_QUOTED_INCLUDE_IN_FRAMEWORK_HEADER = YES;
				CLANG_WARN_RANGE_LOOP_ANALYSIS = YES;
				CLANG_WARN_STRICT_PROTOTYPES = YES;
				CLANG_WARN_SUSPICIOUS_MOVE = YES;
				CLANG_WARN_UNGUARDED_AVAILABILITY = YES_AGGRESSIVE;
				CLANG_WARN_UNREACHABLE_CODE = YES;
				CLANG_WARN__DUPLICATE_METHOD_MATCH = YES;
				COPY_PHASE_STRIP = NO;
				DEBUG_INFORMATION_FORMAT = dwarf;
				ENABLE_STRICT_OBJC_MSGSEND = YES;
				ENABLE_TESTABILITY = YES;
				GCC_C_LANGUAGE_STANDARD = gnu11;
				GCC_DYNAMIC_NO_PIC = NO;
				GCC_NO_COMMON_BLOCKS = YES;
				GCC_OPTIMIZATION_LEVEL = 0;
				GCC_PREPROCESSOR_DEFINITIONS = (
					"DEBUG=1",
					"$(inherited)",
				);
				GCC_WARN_64_TO_32_BIT_CONVERSION = YES;
				GCC_WARN_ABOUT_RETURN_TYPE = YES_ERROR;
				GCC_WARN_UNDECLARED_SELECTOR = YES;
				GCC_WARN_UNINITIALIZED_AUTOS = YES_AGGRESSIVE;
				GCC_WARN_UNUSED_FUNCTION = YES;
				GCC_WARN_UNUSED_VARIABLE = YES;
				IPHONEOS_DEPLOYMENT_TARGET = 15.4;
				MTL_ENABLE_DEBUG_INFO = INCLUDE_SOURCE;
				MTL_FAST_MATH = YES;
				ONLY_ACTIVE_ARCH = YES;
				SDKROOT = iphoneos;
				SWIFT_ACTIVE_COMPILATION_CONDITIONS = DEBUG;
				SWIFT_OPTIMIZATION_LEVEL = "-Onone";
			};
			name = Debug;
		};
		2490BA5C287EA72A00864A7F /* Release */ = {
			isa = XCBuildConfiguration;
			buildSettings = {
				ALWAYS_SEARCH_USER_PATHS = NO;
				CLANG_ANALYZER_NONNULL = YES;
				CLANG_ANALYZER_NUMBER_OBJECT_CONVERSION = YES_AGGRESSIVE;
				CLANG_CXX_LANGUAGE_STANDARD = "gnu++17";
				CLANG_ENABLE_MODULES = YES;
				CLANG_ENABLE_OBJC_ARC = YES;
				CLANG_ENABLE_OBJC_WEAK = YES;
				CLANG_WARN_BLOCK_CAPTURE_AUTORELEASING = YES;
				CLANG_WARN_BOOL_CONVERSION = YES;
				CLANG_WARN_COMMA = YES;
				CLANG_WARN_CONSTANT_CONVERSION = YES;
				CLANG_WARN_DEPRECATED_OBJC_IMPLEMENTATIONS = YES;
				CLANG_WARN_DIRECT_OBJC_ISA_USAGE = YES_ERROR;
				CLANG_WARN_DOCUMENTATION_COMMENTS = YES;
				CLANG_WARN_EMPTY_BODY = YES;
				CLANG_WARN_ENUM_CONVERSION = YES;
				CLANG_WARN_INFINITE_RECURSION = YES;
				CLANG_WARN_INT_CONVERSION = YES;
				CLANG_WARN_NON_LITERAL_NULL_CONVERSION = YES;
				CLANG_WARN_OBJC_IMPLICIT_RETAIN_SELF = YES;
				CLANG_WARN_OBJC_LITERAL_CONVERSION = YES;
				CLANG_WARN_OBJC_ROOT_CLASS = YES_ERROR;
				CLANG_WARN_QUOTED_INCLUDE_IN_FRAMEWORK_HEADER = YES;
				CLANG_WARN_RANGE_LOOP_ANALYSIS = YES;
				CLANG_WARN_STRICT_PROTOTYPES = YES;
				CLANG_WARN_SUSPICIOUS_MOVE = YES;
				CLANG_WARN_UNGUARDED_AVAILABILITY = YES_AGGRESSIVE;
				CLANG_WARN_UNREACHABLE_CODE = YES;
				CLANG_WARN__DUPLICATE_METHOD_MATCH = YES;
				COPY_PHASE_STRIP = NO;
				DEBUG_INFORMATION_FORMAT = "dwarf-with-dsym";
				ENABLE_NS_ASSERTIONS = NO;
				ENABLE_STRICT_OBJC_MSGSEND = YES;
				GCC_C_LANGUAGE_STANDARD = gnu11;
				GCC_NO_COMMON_BLOCKS = YES;
				GCC_WARN_64_TO_32_BIT_CONVERSION = YES;
				GCC_WARN_ABOUT_RETURN_TYPE = YES_ERROR;
				GCC_WARN_UNDECLARED_SELECTOR = YES;
				GCC_WARN_UNINITIALIZED_AUTOS = YES_AGGRESSIVE;
				GCC_WARN_UNUSED_FUNCTION = YES;
				GCC_WARN_UNUSED_VARIABLE = YES;
				IPHONEOS_DEPLOYMENT_TARGET = 15.4;
				MTL_ENABLE_DEBUG_INFO = NO;
				MTL_FAST_MATH = YES;
				SDKROOT = iphoneos;
				SWIFT_COMPILATION_MODE = wholemodule;
				SWIFT_OPTIMIZATION_LEVEL = "-O";
				VALIDATE_PRODUCT = YES;
			};
			name = Release;
		};
		2490BA5E287EA72A00864A7F /* Debug */ = {
			isa = XCBuildConfiguration;
			baseConfigurationReference = 20AD57D956AE5236C859EC2E /* Pods-Rota.debug.xcconfig */;
			buildSettings = {
				ASSETCATALOG_COMPILER_APPICON_NAME = AppIcon;
				ASSETCATALOG_COMPILER_GLOBAL_ACCENT_COLOR_NAME = AccentColor;
				CODE_SIGN_STYLE = Automatic;
				CURRENT_PROJECT_VERSION = 1;
				DEVELOPMENT_ASSET_PATHS = "\"Rota/Preview Content\"";
				DEVELOPMENT_TEAM = PRN8U785S7;
				ENABLE_PREVIEWS = YES;
				GENERATE_INFOPLIST_FILE = YES;
				INFOPLIST_KEY_NSLocationWhenInUseUsageDescription = "";
				INFOPLIST_KEY_UIApplicationSceneManifest_Generation = YES;
				INFOPLIST_KEY_UIApplicationSupportsIndirectInputEvents = YES;
				INFOPLIST_KEY_UILaunchScreen_Generation = YES;
				INFOPLIST_KEY_UISupportedInterfaceOrientations_iPad = "UIInterfaceOrientationPortrait UIInterfaceOrientationPortraitUpsideDown UIInterfaceOrientationLandscapeLeft UIInterfaceOrientationLandscapeRight";
				INFOPLIST_KEY_UISupportedInterfaceOrientations_iPhone = "UIInterfaceOrientationPortrait UIInterfaceOrientationLandscapeLeft UIInterfaceOrientationLandscapeRight";
				LD_RUNPATH_SEARCH_PATHS = (
					"$(inherited)",
					"@executable_path/Frameworks",
				);
				MARKETING_VERSION = 1.0;
				PRODUCT_BUNDLE_IDENTIFIER = com.batuhandogan425123.Rota;
				PRODUCT_NAME = "$(TARGET_NAME)";
				SWIFT_EMIT_LOC_STRINGS = YES;
				SWIFT_VERSION = 5.0;
				TARGETED_DEVICE_FAMILY = "1,2";
			};
			name = Debug;
		};
		2490BA5F287EA72A00864A7F /* Release */ = {
			isa = XCBuildConfiguration;
			baseConfigurationReference = A9F6C3169EFC0AB37F1B3FAE /* Pods-Rota.release.xcconfig */;
			buildSettings = {
				ASSETCATALOG_COMPILER_APPICON_NAME = AppIcon;
				ASSETCATALOG_COMPILER_GLOBAL_ACCENT_COLOR_NAME = AccentColor;
				CODE_SIGN_STYLE = Automatic;
				CURRENT_PROJECT_VERSION = 1;
				DEVELOPMENT_ASSET_PATHS = "\"Rota/Preview Content\"";
				DEVELOPMENT_TEAM = PRN8U785S7;
				ENABLE_PREVIEWS = YES;
				GENERATE_INFOPLIST_FILE = YES;
				INFOPLIST_KEY_NSLocationWhenInUseUsageDescription = "";
				INFOPLIST_KEY_UIApplicationSceneManifest_Generation = YES;
				INFOPLIST_KEY_UIApplicationSupportsIndirectInputEvents = YES;
				INFOPLIST_KEY_UILaunchScreen_Generation = YES;
				INFOPLIST_KEY_UISupportedInterfaceOrientations_iPad = "UIInterfaceOrientationPortrait UIInterfaceOrientationPortraitUpsideDown UIInterfaceOrientationLandscapeLeft UIInterfaceOrientationLandscapeRight";
				INFOPLIST_KEY_UISupportedInterfaceOrientations_iPhone = "UIInterfaceOrientationPortrait UIInterfaceOrientationLandscapeLeft UIInterfaceOrientationLandscapeRight";
				LD_RUNPATH_SEARCH_PATHS = (
					"$(inherited)",
					"@executable_path/Frameworks",
				);
				MARKETING_VERSION = 1.0;
				PRODUCT_BUNDLE_IDENTIFIER = com.batuhandogan425123.Rota;
				PRODUCT_NAME = "$(TARGET_NAME)";
				SWIFT_EMIT_LOC_STRINGS = YES;
				SWIFT_VERSION = 5.0;
				TARGETED_DEVICE_FAMILY = "1,2";
			};
			name = Release;
		};
/* End XCBuildConfiguration section */

/* Begin XCConfigurationList section */
		2490BA4A287EA72900864A7F /* Build configuration list for PBXProject "Rota" */ = {
			isa = XCConfigurationList;
			buildConfigurations = (
				2490BA5B287EA72A00864A7F /* Debug */,
				2490BA5C287EA72A00864A7F /* Release */,
			);
			defaultConfigurationIsVisible = 0;
			defaultConfigurationName = Release;
		};
		2490BA5D287EA72A00864A7F /* Build configuration list for PBXNativeTarget "Rota" */ = {
			isa = XCConfigurationList;
			buildConfigurations = (
				2490BA5E287EA72A00864A7F /* Debug */,
				2490BA5F287EA72A00864A7F /* Release */,
			);
			defaultConfigurationIsVisible = 0;
			defaultConfigurationName = Release;
		};
/* End XCConfigurationList section */
	};
	rootObject = 2490BA47287EA72900864A7F /* Project object */;
}
